
Microsoft Visual Studio Solution File, Format Version 12.00
# Visual Studio Version 16
VisualStudioVersion = 16.0.30611.23
MinimumVisualStudioVersion = 10.0.40219.1
Project("{FAE04EC0-301F-11D3-BF4B-00C04F79EFBC}") = "MyMusicPlayer", "MyMusicPlayer\MyMusicPlayer.csproj", "{BD6F8D90-9022-4C40-8649-1E00B9052273}"
EndProject
Global
	GlobalSection(SolutionConfigurationPlatforms) = preSolution
		Debug|Any CPU = Debug|Any CPU
		Release|Any CPU = Release|Any CPU
	EndGlobalSection
	GlobalSection(ProjectConfigurationPlatforms) = postSolution
		{BD6F8D90-9022-4C40-8649-1E00B9052273}.Debug|Any CPU.ActiveCfg = Debug|Any CPU
		{BD6F8D90-9022-4C40-8649-1E00B9052273}.Debug|Any CPU.Build.0 = Debug|Any CPU
		{BD6F8D90-9022-4C40-8649-1E00B9052273}.Release|Any CPU.ActiveCfg = Release|Any CPU
		{BD6F8D90-9022-4C40-8649-1E00B9052273}.Release|Any CPU.Build.0 = Release|Any CPU
	EndGlobalSection
	GlobalSection(SolutionProperties) = preSolution
		HideSolutionNode = FALSE
	EndGlobalSection
	GlobalSection(ExtensibilityGlobals) = postSolution
		SolutionGuid = {75FF1B6C-5338-49AC-A560-9D16479320AD}
	EndGlobalSection
EndGlobal
